
Microsoft Visual Studio Solution File, Format Version 12.00
Project("{FAE04EC0-301F-11D3-BF4B-00C04F79EFBC}") = "messenger_v2_core", "messenger_v2_core\messenger_v2_core.csproj", "{08DBAE40-F162-4EE7-87E1-85F037BD952A}"
EndProject
Global
	GlobalSection(SolutionConfigurationPlatforms) = preSolution
		Debug|Any CPU = Debug|Any CPU
		Release|Any CPU = Release|Any CPU
	EndGlobalSection
	GlobalSection(ProjectConfigurationPlatforms) = postSolution
		{08DBAE40-F162-4EE7-87E1-85F037BD952A}.Debug|Any CPU.ActiveCfg = Debug|Any CPU
		{08DBAE40-F162-4EE7-87E1-85F037BD952A}.Debug|Any CPU.Build.0 = Debug|Any CPU
		{08DBAE40-F162-4EE7-87E1-85F037BD952A}.Release|Any CPU.ActiveCfg = Release|Any CPU
		{08DBAE40-F162-4EE7-87E1-85F037BD952A}.Release|Any CPU.Build.0 = Release|Any CPU
	EndGlobalSection
EndGlobal
